
Microsoft Visual Studio Solution File, Format Version 12.00
# Visual Studio 15
VisualStudioVersion = 15.0.26430.6
MinimumVisualStudioVersion = 10.0.40219.1
Project("{FAE04EC0-301F-11D3-BF4B-00C04F79EFBC}") = "nzbget_silk.Android", "nzbget_silk\nzbget_silk.Android\nzbget_silk.Android.csproj", "{7596B7DA-541F-42D6-B0BB-C1A69EA4C84E}"
EndProject
Project("{FAE04EC0-301F-11D3-BF4B-00C04F79EFBC}") = "nzbget_silk", "nzbget_silk\nzbget_silk\nzbget_silk.csproj", "{3F80AAA7-E818-4830-975E-3E0A00090221}"
EndProject
Project("{FAE04EC0-301F-11D3-BF4B-00C04F79EFBC}") = "nzbget_silk.UWP", "nzbget_silk\nzbget_silk.UWP\nzbget_silk.UWP.csproj", "{FEF0EAE1-18B2-4B38-BCCB-94CC45FFA11E}"
EndProject
Project("{FAE04EC0-301F-11D3-BF4B-00C04F79EFBC}") = "nzbget_silk.iOS", "nzbget_silk\nzbget_silk.iOS\nzbget_silk.iOS.csproj", "{65D455BD-DF34-403C-9FAC-3050717CAEB1}"
EndProject
Global
	GlobalSection(SolutionConfigurationPlatforms) = preSolution
		Ad-Hoc|Any CPU = Ad-Hoc|Any CPU
		Ad-Hoc|ARM = Ad-Hoc|ARM
		Ad-Hoc|iPhone = Ad-Hoc|iPhone
		Ad-Hoc|iPhoneSimulator = Ad-Hoc|iPhoneSimulator
		Ad-Hoc|x64 = Ad-Hoc|x64
		Ad-Hoc|x86 = Ad-Hoc|x86
		AppStore|Any CPU = AppStore|Any CPU
		AppStore|ARM = AppStore|ARM
		AppStore|iPhone = AppStore|iPhone
		AppStore|iPhoneSimulator = AppStore|iPhoneSimulator
		AppStore|x64 = AppStore|x64
		AppStore|x86 = AppStore|x86
		Debug|Any CPU = Debug|Any CPU
		Debug|ARM = Debug|ARM
		Debug|iPhone = Debug|iPhone
		Debug|iPhoneSimulator = Debug|iPhoneSimulator
		Debug|x64 = Debug|x64
		Debug|x86 = Debug|x86
		Release|Any CPU = Release|Any CPU
		Release|ARM = Release|ARM
		Release|iPhone = Release|iPhone
		Release|iPhoneSimulator = Release|iPhoneSimulator
		Release|x64 = Release|x64
		Release|x86 = Release|x86
	EndGlobalSection
	GlobalSection(ProjectConfigurationPlatforms) = postSolution
		{7596B7DA-541F-42D6-B0BB-C1A69EA4C84E}.Ad-Hoc|Any CPU.ActiveCfg = Release|Any CPU
		{7596B7DA-541F-42D6-B0BB-C1A69EA4C84E}.Ad-Hoc|Any CPU.Build.0 = Release|Any CPU
		{7596B7DA-541F-42D6-B0BB-C1A69EA4C84E}.Ad-Hoc|Any CPU.Deploy.0 = Release|Any CPU
		{7596B7DA-541F-42D6-B0BB-C1A69EA4C84E}.Ad-Hoc|ARM.ActiveCfg = Release|Any CPU
		{7596B7DA-541F-42D6-B0BB-C1A69EA4C84E}.Ad-Hoc|ARM.Build.0 = Release|Any CPU
		{7596B7DA-541F-42D6-B0BB-C1A69EA4C84E}.Ad-Hoc|ARM.Deploy.0 = Release|Any CPU
		{7596B7DA-541F-42D6-B0BB-C1A69EA4C84E}.Ad-Hoc|iPhone.ActiveCfg = Release|Any CPU
		{7596B7DA-541F-42D6-B0BB-C1A69EA4C84E}.Ad-Hoc|iPhone.Build.0 = Release|Any CPU
		{7596B7DA-541F-42D6-B0BB-C1A69EA4C84E}.Ad-Hoc|iPhone.Deploy.0 = Release|Any CPU
		{7596B7DA-541F-42D6-B0BB-C1A69EA4C84E}.Ad-Hoc|iPhoneSimulator.ActiveCfg = Release|Any CPU
		{7596B7DA-541F-42D6-B0BB-C1A69EA4C84E}.Ad-Hoc|iPhoneSimulator.Build.0 = Release|Any CPU
		{7596B7DA-541F-42D6-B0BB-C1A69EA4C84E}.Ad-Hoc|iPhoneSimulator.Deploy.0 = Release|Any CPU
		{7596B7DA-541F-42D6-B0BB-C1A69EA4C84E}.Ad-Hoc|x64.ActiveCfg = Release|Any CPU
		{7596B7DA-541F-42D6-B0BB-C1A69EA4C84E}.Ad-Hoc|x64.Build.0 = Release|Any CPU
		{7596B7DA-541F-42D6-B0BB-C1A69EA4C84E}.Ad-Hoc|x64.Deploy.0 = Release|Any CPU
		{7596B7DA-541F-42D6-B0BB-C1A69EA4C84E}.Ad-Hoc|x86.ActiveCfg = Release|Any CPU
		{7596B7DA-541F-42D6-B0BB-C1A69EA4C84E}.Ad-Hoc|x86.Build.0 = Release|Any CPU
		{7596B7DA-541F-42D6-B0BB-C1A69EA4C84E}.Ad-Hoc|x86.Deploy.0 = Release|Any CPU
		{7596B7DA-541F-42D6-B0BB-C1A69EA4C84E}.AppStore|Any CPU.ActiveCfg = Release|Any CPU
		{7596B7DA-541F-42D6-B0BB-C1A69EA4C84E}.AppStore|Any CPU.Build.0 = Release|Any CPU
		{7596B7DA-541F-42D6-B0BB-C1A69EA4C84E}.AppStore|Any CPU.Deploy.0 = Release|Any CPU
		{7596B7DA-541F-42D6-B0BB-C1A69EA4C84E}.AppStore|ARM.ActiveCfg = Release|Any CPU
		{7596B7DA-541F-42D6-B0BB-C1A69EA4C84E}.AppStore|ARM.Build.0 = Release|Any CPU
		{7596B7DA-541F-42D6-B0BB-C1A69EA4C84E}.AppStore|ARM.Deploy.0 = Release|Any CPU
		{7596B7DA-541F-42D6-B0BB-C1A69EA4C84E}.AppStore|iPhone.ActiveCfg = Release|Any CPU
		{7596B7DA-541F-42D6-B0BB-C1A69EA4C84E}.AppStore|iPhone.Build.0 = Release|Any CPU
		{7596B7DA-541F-42D6-B0BB-C1A69EA4C84E}.AppStore|iPhone.Deploy.0 = Release|Any CPU
		{7596B7DA-541F-42D6-B0BB-C1A69EA4C84E}.AppStore|iPhoneSimulator.ActiveCfg = Release|Any CPU
		{7596B7DA-541F-42D6-B0BB-C1A69EA4C84E}.AppStore|iPhoneSimulator.Build.0 = Release|Any CPU
		{7596B7DA-541F-42D6-B0BB-C1A69EA4C84E}.AppStore|iPhoneSimulator.Deploy.0 = Release|Any CPU
		{7596B7DA-541F-42D6-B0BB-C1A69EA4C84E}.AppStore|x64.ActiveCfg = Release|Any CPU
		{7596B7DA-541F-42D6-B0BB-C1A69EA4C84E}.AppStore|x64.Build.0 = Release|Any CPU
		{7596B7DA-541F-42D6-B0BB-C1A69EA4C84E}.AppStore|x64.Deploy.0 = Release|Any CPU
		{7596B7DA-541F-42D6-B0BB-C1A69EA4C84E}.AppStore|x86.ActiveCfg = Release|Any CPU
		{7596B7DA-541F-42D6-B0BB-C1A69EA4C84E}.AppStore|x86.Build.0 = Release|Any CPU
		{7596B7DA-541F-42D6-B0BB-C1A69EA4C84E}.AppStore|x86.Deploy.0 = Release|Any CPU
		{7596B7DA-541F-42D6-B0BB-C1A69EA4C84E}.Debug|Any CPU.ActiveCfg = Debug|Any CPU
		{7596B7DA-541F-42D6-B0BB-C1A69EA4C84E}.Debug|Any CPU.Build.0 = Debug|Any CPU
		{7596B7DA-541F-42D6-B0BB-C1A69EA4C84E}.Debug|Any CPU.Deploy.0 = Debug|Any CPU
		{7596B7DA-541F-42D6-B0BB-C1A69EA4C84E}.Debug|ARM.ActiveCfg = Debug|Any CPU
		{7596B7DA-541F-42D6-B0BB-C1A69EA4C84E}.Debug|ARM.Build.0 = Debug|Any CPU
		{7596B7DA-541F-42D6-B0BB-C1A69EA4C84E}.Debug|ARM.Deploy.0 = Debug|Any CPU
		{7596B7DA-541F-42D6-B0BB-C1A69EA4C84E}.Debug|iPhone.ActiveCfg = Debug|Any CPU
		{7596B7DA-541F-42D6-B0BB-C1A69EA4C84E}.Debug|iPhone.Build.0 = Debug|Any CPU
		{7596B7DA-541F-42D6-B0BB-C1A69EA4C84E}.Debug|iPhone.Deploy.0 = Debug|Any CPU
		{7596B7DA-541F-42D6-B0BB-C1A69EA4C84E}.Debug|iPhoneSimulator.ActiveCfg = Debug|Any CPU
		{7596B7DA-541F-42D6-B0BB-C1A69EA4C84E}.Debug|iPhoneSimulator.Build.0 = Debug|Any CPU
		{7596B7DA-541F-42D6-B0BB-C1A69EA4C84E}.Debug|iPhoneSimulator.Deploy.0 = Debug|Any CPU
		{7596B7DA-541F-42D6-B0BB-C1A69EA4C84E}.Debug|x64.ActiveCfg = Debug|Any CPU
		{7596B7DA-541F-42D6-B0BB-C1A69EA4C84E}.Debug|x64.Build.0 = Debug|Any CPU
		{7596B7DA-541F-42D6-B0BB-C1A69EA4C84E}.Debug|x64.Deploy.0 = Debug|Any CPU
		{7596B7DA-541F-42D6-B0BB-C1A69EA4C84E}.Debug|x86.ActiveCfg = Debug|Any CPU
		{7596B7DA-541F-42D6-B0BB-C1A69EA4C84E}.Debug|x86.Build.0 = Debug|Any CPU
		{7596B7DA-541F-42D6-B0BB-C1A69EA4C84E}.Debug|x86.Deploy.0 = Debug|Any CPU
		{7596B7DA-541F-42D6-B0BB-C1A69EA4C84E}.Release|Any CPU.ActiveCfg = Release|Any CPU
		{7596B7DA-541F-42D6-B0BB-C1A69EA4C84E}.Release|Any CPU.Build.0 = Release|Any CPU
		{7596B7DA-541F-42D6-B0BB-C1A69EA4C84E}.Release|Any CPU.Deploy.0 = Release|Any CPU
		{7596B7DA-541F-42D6-B0BB-C1A69EA4C84E}.Release|ARM.ActiveCfg = Release|Any CPU
		{7596B7DA-541F-42D6-B0BB-C1A69EA4C84E}.Release|ARM.Build.0 = Release|Any CPU
		{7596B7DA-541F-42D6-B0BB-C1A69EA4C84E}.Release|ARM.Deploy.0 = Release|Any CPU
		{7596B7DA-541F-42D6-B0BB-C1A69EA4C84E}.Release|iPhone.ActiveCfg = Release|Any CPU
		{7596B7DA-541F-42D6-B0BB-C1A69EA4C84E}.Release|iPhone.Build.0 = Release|Any CPU
		{7596B7DA-541F-42D6-B0BB-C1A69EA4C84E}.Release|iPhone.Deploy.0 = Release|Any CPU
		{7596B7DA-541F-42D6-B0BB-C1A69EA4C84E}.Release|iPhoneSimulator.ActiveCfg = Release|Any CPU
		{7596B7DA-541F-42D6-B0BB-C1A69EA4C84E}.Release|iPhoneSimulator.Build.0 = Release|Any CPU
		{7596B7DA-541F-42D6-B0BB-C1A69EA4C84E}.Release|iPhoneSimulator.Deploy.0 = Release|Any CPU
		{7596B7DA-541F-42D6-B0BB-C1A69EA4C84E}.Release|x64.ActiveCfg = Release|Any CPU
		{7596B7DA-541F-42D6-B0BB-C1A69EA4C84E}.Release|x64.Build.0 = Release|Any CPU
		{7596B7DA-541F-42D6-B0BB-C1A69EA4C84E}.Release|x64.Deploy.0 = Release|Any CPU
		{7596B7DA-541F-42D6-B0BB-C1A69EA4C84E}.Release|x86.ActiveCfg = Release|Any CPU
		{7596B7DA-541F-42D6-B0BB-C1A69EA4C84E}.Release|x86.Build.0 = Release|Any CPU
		{7596B7DA-541F-42D6-B0BB-C1A69EA4C84E}.Release|x86.Deploy.0 = Release|Any CPU
		{3F80AAA7-E818-4830-975E-3E0A00090221}.Ad-Hoc|Any CPU.ActiveCfg = Release|Any CPU
		{3F80AAA7-E818-4830-975E-3E0A00090221}.Ad-Hoc|Any CPU.Build.0 = Release|Any CPU
		{3F80AAA7-E818-4830-975E-3E0A00090221}.Ad-Hoc|ARM.ActiveCfg = Release|Any CPU
		{3F80AAA7-E818-4830-975E-3E0A00090221}.Ad-Hoc|ARM.Build.0 = Release|Any CPU
		{3F80AAA7-E818-4830-975E-3E0A00090221}.Ad-Hoc|iPhone.ActiveCfg = Release|Any CPU
		{3F80AAA7-E818-4830-975E-3E0A00090221}.Ad-Hoc|iPhone.Build.0 = Release|Any CPU
		{3F80AAA7-E818-4830-975E-3E0A00090221}.Ad-Hoc|iPhoneSimulator.ActiveCfg = Release|Any CPU
		{3F80AAA7-E818-4830-975E-3E0A00090221}.Ad-Hoc|iPhoneSimulator.Build.0 = Release|Any CPU
		{3F80AAA7-E818-4830-975E-3E0A00090221}.Ad-Hoc|x64.ActiveCfg = Release|Any CPU
		{3F80AAA7-E818-4830-975E-3E0A00090221}.Ad-Hoc|x64.Build.0 = Release|Any CPU
		{3F80AAA7-E818-4830-975E-3E0A00090221}.Ad-Hoc|x86.ActiveCfg = Release|Any CPU
		{3F80AAA7-E818-4830-975E-3E0A00090221}.Ad-Hoc|x86.Build.0 = Release|Any CPU
		{3F80AAA7-E818-4830-975E-3E0A00090221}.AppStore|Any CPU.ActiveCfg = Release|Any CPU
		{3F80AAA7-E818-4830-975E-3E0A00090221}.AppStore|Any CPU.Build.0 = Release|Any CPU
		{3F80AAA7-E818-4830-975E-3E0A00090221}.AppStore|ARM.ActiveCfg = Release|Any CPU
		{3F80AAA7-E818-4830-975E-3E0A00090221}.AppStore|ARM.Build.0 = Release|Any CPU
		{3F80AAA7-E818-4830-975E-3E0A00090221}.AppStore|iPhone.ActiveCfg = Release|Any CPU
		{3F80AAA7-E818-4830-975E-3E0A00090221}.AppStore|iPhone.Build.0 = Release|Any CPU
		{3F80AAA7-E818-4830-975E-3E0A00090221}.AppStore|iPhoneSimulator.ActiveCfg = Release|Any CPU
		{3F80AAA7-E818-4830-975E-3E0A00090221}.AppStore|iPhoneSimulator.Build.0 = Release|Any CPU
		{3F80AAA7-E818-4830-975E-3E0A00090221}.AppStore|x64.ActiveCfg = Release|Any CPU
		{3F80AAA7-E818-4830-975E-3E0A00090221}.AppStore|x64.Build.0 = Release|Any CPU
		{3F80AAA7-E818-4830-975E-3E0A00090221}.AppStore|x86.ActiveCfg = Release|Any CPU
		{3F80AAA7-E818-4830-975E-3E0A00090221}.AppStore|x86.Build.0 = Release|Any CPU
		{3F80AAA7-E818-4830-975E-3E0A00090221}.Debug|Any CPU.ActiveCfg = Debug|Any CPU
		{3F80AAA7-E818-4830-975E-3E0A00090221}.Debug|Any CPU.Build.0 = Debug|Any CPU
		{3F80AAA7-E818-4830-975E-3E0A00090221}.Debug|ARM.ActiveCfg = Debug|Any CPU
		{3F80AAA7-E818-4830-975E-3E0A00090221}.Debug|ARM.Build.0 = Debug|Any CPU
		{3F80AAA7-E818-4830-975E-3E0A00090221}.Debug|iPhone.ActiveCfg = Debug|Any CPU
		{3F80AAA7-E818-4830-975E-3E0A00090221}.Debug|iPhone.Build.0 = Debug|Any CPU
		{3F80AAA7-E818-4830-975E-3E0A00090221}.Debug|iPhoneSimulator.ActiveCfg = Debug|Any CPU
		{3F80AAA7-E818-4830-975E-3E0A00090221}.Debug|iPhoneSimulator.Build.0 = Debug|Any CPU
		{3F80AAA7-E818-4830-975E-3E0A00090221}.Debug|x64.ActiveCfg = Debug|Any CPU
		{3F80AAA7-E818-4830-975E-3E0A00090221}.Debug|x64.Build.0 = Debug|Any CPU
		{3F80AAA7-E818-4830-975E-3E0A00090221}.Debug|x86.ActiveCfg = Debug|Any CPU
		{3F80AAA7-E818-4830-975E-3E0A00090221}.Debug|x86.Build.0 = Debug|Any CPU
		{3F80AAA7-E818-4830-975E-3E0A00090221}.Release|Any CPU.ActiveCfg = Release|Any CPU
		{3F80AAA7-E818-4830-975E-3E0A00090221}.Release|Any CPU.Build.0 = Release|Any CPU
		{3F80AAA7-E818-4830-975E-3E0A00090221}.Release|ARM.ActiveCfg = Release|Any CPU
		{3F80AAA7-E818-4830-975E-3E0A00090221}.Release|ARM.Build.0 = Release|Any CPU
		{3F80AAA7-E818-4830-975E-3E0A00090221}.Release|iPhone.ActiveCfg = Release|Any CPU
		{3F80AAA7-E818-4830-975E-3E0A00090221}.Release|iPhone.Build.0 = Release|Any CPU
		{3F80AAA7-E818-4830-975E-3E0A00090221}.Release|iPhoneSimulator.ActiveCfg = Release|Any CPU
		{3F80AAA7-E818-4830-975E-3E0A00090221}.Release|iPhoneSimulator.Build.0 = Release|Any CPU
		{3F80AAA7-E818-4830-975E-3E0A00090221}.Release|x64.ActiveCfg = Release|Any CPU
		{3F80AAA7-E818-4830-975E-3E0A00090221}.Release|x64.Build.0 = Release|Any CPU
		{3F80AAA7-E818-4830-975E-3E0A00090221}.Release|x86.ActiveCfg = Release|Any CPU
		{3F80AAA7-E818-4830-975E-3E0A00090221}.Release|x86.Build.0 = Release|Any CPU
		{FEF0EAE1-18B2-4B38-BCCB-94CC45FFA11E}.Ad-Hoc|Any CPU.ActiveCfg = Release|x86
		{FEF0EAE1-18B2-4B38-BCCB-94CC45FFA11E}.Ad-Hoc|Any CPU.Build.0 = Release|x86
		{FEF0EAE1-18B2-4B38-BCCB-94CC45FFA11E}.Ad-Hoc|Any CPU.Deploy.0 = Release|x86
		{FEF0EAE1-18B2-4B38-BCCB-94CC45FFA11E}.Ad-Hoc|ARM.ActiveCfg = Release|ARM
		{FEF0EAE1-18B2-4B38-BCCB-94CC45FFA11E}.Ad-Hoc|ARM.Build.0 = Release|ARM
		{FEF0EAE1-18B2-4B38-BCCB-94CC45FFA11E}.Ad-Hoc|ARM.Deploy.0 = Release|ARM
		{FEF0EAE1-18B2-4B38-BCCB-94CC45FFA11E}.Ad-Hoc|iPhone.ActiveCfg = Release|x86
		{FEF0EAE1-18B2-4B38-BCCB-94CC45FFA11E}.Ad-Hoc|iPhone.Build.0 = Release|x86
		{FEF0EAE1-18B2-4B38-BCCB-94CC45FFA11E}.Ad-Hoc|iPhone.Deploy.0 = Release|x86
		{FEF0EAE1-18B2-4B38-BCCB-94CC45FFA11E}.Ad-Hoc|iPhoneSimulator.ActiveCfg = Release|x86
		{FEF0EAE1-18B2-4B38-BCCB-94CC45FFA11E}.Ad-Hoc|iPhoneSimulator.Build.0 = Release|x86
		{FEF0EAE1-18B2-4B38-BCCB-94CC45FFA11E}.Ad-Hoc|iPhoneSimulator.Deploy.0 = Release|x86
		{FEF0EAE1-18B2-4B38-BCCB-94CC45FFA11E}.Ad-Hoc|x64.ActiveCfg = Release|x64
		{FEF0EAE1-18B2-4B38-BCCB-94CC45FFA11E}.Ad-Hoc|x64.Build.0 = Release|x64
		{FEF0EAE1-18B2-4B38-BCCB-94CC45FFA11E}.Ad-Hoc|x64.Deploy.0 = Release|x64
		{FEF0EAE1-18B2-4B38-BCCB-94CC45FFA11E}.Ad-Hoc|x86.ActiveCfg = Release|x86
		{FEF0EAE1-18B2-4B38-BCCB-94CC45FFA11E}.Ad-Hoc|x86.Build.0 = Release|x86
		{FEF0EAE1-18B2-4B38-BCCB-94CC45FFA11E}.Ad-Hoc|x86.Deploy.0 = Release|x86
		{FEF0EAE1-18B2-4B38-BCCB-94CC45FFA11E}.AppStore|Any CPU.ActiveCfg = Release|x86
		{FEF0EAE1-18B2-4B38-BCCB-94CC45FFA11E}.AppStore|Any CPU.Build.0 = Release|x86
		{FEF0EAE1-18B2-4B38-BCCB-94CC45FFA11E}.AppStore|Any CPU.Deploy.0 = Release|x86
		{FEF0EAE1-18B2-4B38-BCCB-94CC45FFA11E}.AppStore|ARM.ActiveCfg = Release|ARM
		{FEF0EAE1-18B2-4B38-BCCB-94CC45FFA11E}.AppStore|ARM.Build.0 = Release|ARM
		{FEF0EAE1-18B2-4B38-BCCB-94CC45FFA11E}.AppStore|ARM.Deploy.0 = Release|ARM
		{FEF0EAE1-18B2-4B38-BCCB-94CC45FFA11E}.AppStore|iPhone.ActiveCfg = Release|x86
		{FEF0EAE1-18B2-4B38-BCCB-94CC45FFA11E}.AppStore|iPhone.Build.0 = Release|x86
		{FEF0EAE1-18B2-4B38-BCCB-94CC45FFA11E}.AppStore|iPhone.Deploy.0 = Release|x86
		{FEF0EAE1-18B2-4B38-BCCB-94CC45FFA11E}.AppStore|iPhoneSimulator.ActiveCfg = Release|x86
		{FEF0EAE1-18B2-4B38-BCCB-94CC45FFA11E}.AppStore|iPhoneSimulator.Build.0 = Release|x86
		{FEF0EAE1-18B2-4B38-BCCB-94CC45FFA11E}.AppStore|iPhoneSimulator.Deploy.0 = Release|x86
		{FEF0EAE1-18B2-4B38-BCCB-94CC45FFA11E}.AppStore|x64.ActiveCfg = Release|x64
		{FEF0EAE1-18B2-4B38-BCCB-94CC45FFA11E}.AppStore|x64.Build.0 = Release|x64
		{FEF0EAE1-18B2-4B38-BCCB-94CC45FFA11E}.AppStore|x64.Deploy.0 = Release|x64
		{FEF0EAE1-18B2-4B38-BCCB-94CC45FFA11E}.AppStore|x86.ActiveCfg = Release|x86
		{FEF0EAE1-18B2-4B38-BCCB-94CC45FFA11E}.AppStore|x86.Build.0 = Release|x86
		{FEF0EAE1-18B2-4B38-BCCB-94CC45FFA11E}.AppStore|x86.Deploy.0 = Release|x86
		{FEF0EAE1-18B2-4B38-BCCB-94CC45FFA11E}.Debug|Any CPU.ActiveCfg = Debug|x86
		{FEF0EAE1-18B2-4B38-BCCB-94CC45FFA11E}.Debug|ARM.ActiveCfg = Debug|ARM
		{FEF0EAE1-18B2-4B38-BCCB-94CC45FFA11E}.Debug|ARM.Build.0 = Debug|ARM
		{FEF0EAE1-18B2-4B38-BCCB-94CC45FFA11E}.Debug|ARM.Deploy.0 = Debug|ARM
		{FEF0EAE1-18B2-4B38-BCCB-94CC45FFA11E}.Debug|iPhone.ActiveCfg = Debug|x86
		{FEF0EAE1-18B2-4B38-BCCB-94CC45FFA11E}.Debug|iPhoneSimulator.ActiveCfg = Debug|x86
		{FEF0EAE1-18B2-4B38-BCCB-94CC45FFA11E}.Debug|x64.ActiveCfg = Debug|x64
		{FEF0EAE1-18B2-4B38-BCCB-94CC45FFA11E}.Debug|x64.Build.0 = Debug|x64
		{FEF0EAE1-18B2-4B38-BCCB-94CC45FFA11E}.Debug|x64.Deploy.0 = Debug|x64
		{FEF0EAE1-18B2-4B38-BCCB-94CC45FFA11E}.Debug|x86.ActiveCfg = Debug|x86
		{FEF0EAE1-18B2-4B38-BCCB-94CC45FFA11E}.Debug|x86.Build.0 = Debug|x86
		{FEF0EAE1-18B2-4B38-BCCB-94CC45FFA11E}.Debug|x86.Deploy.0 = Debug|x86
		{FEF0EAE1-18B2-4B38-BCCB-94CC45FFA11E}.Release|Any CPU.ActiveCfg = Release|x86
		{FEF0EAE1-18B2-4B38-BCCB-94CC45FFA11E}.Release|ARM.ActiveCfg = Release|ARM
		{FEF0EAE1-18B2-4B38-BCCB-94CC45FFA11E}.Release|ARM.Build.0 = Release|ARM
		{FEF0EAE1-18B2-4B38-BCCB-94CC45FFA11E}.Release|ARM.Deploy.0 = Release|ARM
		{FEF0EAE1-18B2-4B38-BCCB-94CC45FFA11E}.Release|iPhone.ActiveCfg = Release|x86
		{FEF0EAE1-18B2-4B38-BCCB-94CC45FFA11E}.Release|iPhoneSimulator.ActiveCfg = Release|x86
		{FEF0EAE1-18B2-4B38-BCCB-94CC45FFA11E}.Release|x64.ActiveCfg = Release|x64
		{FEF0EAE1-18B2-4B38-BCCB-94CC45FFA11E}.Release|x64.Build.0 = Release|x64
		{FEF0EAE1-18B2-4B38-BCCB-94CC45FFA11E}.Release|x64.Deploy.0 = Release|x64
		{FEF0EAE1-18B2-4B38-BCCB-94CC45FFA11E}.Release|x86.ActiveCfg = Release|x86
		{FEF0EAE1-18B2-4B38-BCCB-94CC45FFA11E}.Release|x86.Build.0 = Release|x86
		{FEF0EAE1-18B2-4B38-BCCB-94CC45FFA11E}.Release|x86.Deploy.0 = Release|x86
		{65D455BD-DF34-403C-9FAC-3050717CAEB1}.Ad-Hoc|Any CPU.ActiveCfg = Ad-Hoc|iPhone
		{65D455BD-DF34-403C-9FAC-3050717CAEB1}.Ad-Hoc|ARM.ActiveCfg = Ad-Hoc|iPhone
		{65D455BD-DF34-403C-9FAC-3050717CAEB1}.Ad-Hoc|iPhone.ActiveCfg = Ad-Hoc|iPhone
		{65D455BD-DF34-403C-9FAC-3050717CAEB1}.Ad-Hoc|iPhone.Build.0 = Ad-Hoc|iPhone
		{65D455BD-DF34-403C-9FAC-3050717CAEB1}.Ad-Hoc|iPhoneSimulator.ActiveCfg = Ad-Hoc|iPhoneSimulator
		{65D455BD-DF34-403C-9FAC-3050717CAEB1}.Ad-Hoc|iPhoneSimulator.Build.0 = Ad-Hoc|iPhoneSimulator
		{65D455BD-DF34-403C-9FAC-3050717CAEB1}.Ad-Hoc|x64.ActiveCfg = Ad-Hoc|iPhone
		{65D455BD-DF34-403C-9FAC-3050717CAEB1}.Ad-Hoc|x86.ActiveCfg = Ad-Hoc|iPhone
		{65D455BD-DF34-403C-9FAC-3050717CAEB1}.AppStore|Any CPU.ActiveCfg = AppStore|iPhone
		{65D455BD-DF34-403C-9FAC-3050717CAEB1}.AppStore|ARM.ActiveCfg = AppStore|iPhone
		{65D455BD-DF34-403C-9FAC-3050717CAEB1}.AppStore|iPhone.ActiveCfg = AppStore|iPhone
		{65D455BD-DF34-403C-9FAC-3050717CAEB1}.AppStore|iPhone.Build.0 = AppStore|iPhone
		{65D455BD-DF34-403C-9FAC-3050717CAEB1}.AppStore|iPhoneSimulator.ActiveCfg = AppStore|iPhoneSimulator
		{65D455BD-DF34-403C-9FAC-3050717CAEB1}.AppStore|iPhoneSimulator.Build.0 = AppStore|iPhoneSimulator
		{65D455BD-DF34-403C-9FAC-3050717CAEB1}.AppStore|x64.ActiveCfg = AppStore|iPhone
		{65D455BD-DF34-403C-9FAC-3050717CAEB1}.AppStore|x86.ActiveCfg = AppStore|iPhone
		{65D455BD-DF34-403C-9FAC-3050717CAEB1}.Debug|Any CPU.ActiveCfg = Debug|iPhone
		{65D455BD-DF34-403C-9FAC-3050717CAEB1}.Debug|ARM.ActiveCfg = Debug|iPhone
		{65D455BD-DF34-403C-9FAC-3050717CAEB1}.Debug|iPhone.ActiveCfg = Debug|iPhone
		{65D455BD-DF34-403C-9FAC-3050717CAEB1}.Debug|iPhone.Build.0 = Debug|iPhone
		{65D455BD-DF34-403C-9FAC-3050717CAEB1}.Debug|iPhoneSimulator.ActiveCfg = Debug|iPhoneSimulator
		{65D455BD-DF34-403C-9FAC-3050717CAEB1}.Debug|iPhoneSimulator.Build.0 = Debug|iPhoneSimulator
		{65D455BD-DF34-403C-9FAC-3050717CAEB1}.Debug|x64.ActiveCfg = Debug|iPhone
		{65D455BD-DF34-403C-9FAC-3050717CAEB1}.Debug|x86.ActiveCfg = Debug|iPhone
		{65D455BD-DF34-403C-9FAC-3050717CAEB1}.Release|Any CPU.ActiveCfg = Release|iPhone
		{65D455BD-DF34-403C-9FAC-3050717CAEB1}.Release|ARM.ActiveCfg = Release|iPhone
		{65D455BD-DF34-403C-9FAC-3050717CAEB1}.Release|iPhone.ActiveCfg = Release|iPhone
		{65D455BD-DF34-403C-9FAC-3050717CAEB1}.Release|iPhone.Build.0 = Release|iPhone
		{65D455BD-DF34-403C-9FAC-3050717CAEB1}.Release|iPhoneSimulator.ActiveCfg = Release|iPhoneSimulator
		{65D455BD-DF34-403C-9FAC-3050717CAEB1}.Release|iPhoneSimulator.Build.0 = Release|iPhoneSimulator
		{65D455BD-DF34-403C-9FAC-3050717CAEB1}.Release|x64.ActiveCfg = Release|iPhone
		{65D455BD-DF34-403C-9FAC-3050717CAEB1}.Release|x86.ActiveCfg = Release|iPhone
	EndGlobalSection
	GlobalSection(SolutionProperties) = preSolution
		HideSolutionNode = FALSE
	EndGlobalSection
EndGlobal
